
Microsoft Visual Studio Solution File, Format Version 12.00
# Visual Studio Version 16
VisualStudioVersion = 16.0.30711.63
MinimumVisualStudioVersion = 10.0.40219.1
Project("{FAE04EC0-301F-11D3-BF4B-00C04F79EFBC}") = "User", "User.csproj", "{C97EF48D-6994-4396-984D-9F083CED4991}"
EndProject
Global
	GlobalSection(SolutionConfigurationPlatforms) = preSolution
		Debug|Any CPU = Debug|Any CPU
		Release|Any CPU = Release|Any CPU
	EndGlobalSection
	GlobalSection(ProjectConfigurationPlatforms) = postSolution
		{C97EF48D-6994-4396-984D-9F083CED4991}.Debug|Any CPU.ActiveCfg = Debug|Any CPU
		{C97EF48D-6994-4396-984D-9F083CED4991}.Debug|Any CPU.Build.0 = Debug|Any CPU
		{C97EF48D-6994-4396-984D-9F083CED4991}.Release|Any CPU.ActiveCfg = Release|Any CPU
		{C97EF48D-6994-4396-984D-9F083CED4991}.Release|Any CPU.Build.0 = Release|Any CPU
	EndGlobalSection
	GlobalSection(SolutionProperties) = preSolution
		HideSolutionNode = FALSE
	EndGlobalSection
	GlobalSection(ExtensibilityGlobals) = postSolution
		SolutionGuid = {DE7BC1EA-B269-4FE2-A49A-3A7C61B00AA7}
	EndGlobalSection
EndGlobal
